
Microsoft Visual Studio Solution File, Format Version 12.00
# Visual Studio 15
VisualStudioVersion = 15.0.26124.0
MinimumVisualStudioVersion = 15.0.26124.0
Project("{FAE04EC0-301F-11D3-BF4B-00C04F79EFBC}") = "app", "app\app.csproj", "{278CA98E-1CE9-430B-812D-72BB71D0D94A}"
EndProject
Project("{FAE04EC0-301F-11D3-BF4B-00C04F79EFBC}") = "tests", "tests\tests.csproj", "{64A91CA1-14EF-45A5-B766-4DB5E702DFE3}"
EndProject
Global
	GlobalSection(SolutionConfigurationPlatforms) = preSolution
		Debug|Any CPU = Debug|Any CPU
		Debug|x64 = Debug|x64
		Debug|x86 = Debug|x86
		Release|Any CPU = Release|Any CPU
		Release|x64 = Release|x64
		Release|x86 = Release|x86
	EndGlobalSection
	GlobalSection(SolutionProperties) = preSolution
		HideSolutionNode = FALSE
	EndGlobalSection
	GlobalSection(ProjectConfigurationPlatforms) = postSolution
		{278CA98E-1CE9-430B-812D-72BB71D0D94A}.Debug|Any CPU.ActiveCfg = Debug|Any CPU
		{278CA98E-1CE9-430B-812D-72BB71D0D94A}.Debug|Any CPU.Build.0 = Debug|Any CPU
		{278CA98E-1CE9-430B-812D-72BB71D0D94A}.Debug|x64.ActiveCfg = Debug|Any CPU
		{278CA98E-1CE9-430B-812D-72BB71D0D94A}.Debug|x64.Build.0 = Debug|Any CPU
		{278CA98E-1CE9-430B-812D-72BB71D0D94A}.Debug|x86.ActiveCfg = Debug|Any CPU
		{278CA98E-1CE9-430B-812D-72BB71D0D94A}.Debug|x86.Build.0 = Debug|Any CPU
		{278CA98E-1CE9-430B-812D-72BB71D0D94A}.Release|Any CPU.ActiveCfg = Release|Any CPU
		{278CA98E-1CE9-430B-812D-72BB71D0D94A}.Release|Any CPU.Build.0 = Release|Any CPU
		{278CA98E-1CE9-430B-812D-72BB71D0D94A}.Release|x64.ActiveCfg = Release|Any CPU
		{278CA98E-1CE9-430B-812D-72BB71D0D94A}.Release|x64.Build.0 = Release|Any CPU
		{278CA98E-1CE9-430B-812D-72BB71D0D94A}.Release|x86.ActiveCfg = Release|Any CPU
		{278CA98E-1CE9-430B-812D-72BB71D0D94A}.Release|x86.Build.0 = Release|Any CPU
		{64A91CA1-14EF-45A5-B766-4DB5E702DFE3}.Debug|Any CPU.ActiveCfg = Debug|Any CPU
		{64A91CA1-14EF-45A5-B766-4DB5E702DFE3}.Debug|Any CPU.Build.0 = Debug|Any CPU
		{64A91CA1-14EF-45A5-B766-4DB5E702DFE3}.Debug|x64.ActiveCfg = Debug|Any CPU
		{64A91CA1-14EF-45A5-B766-4DB5E702DFE3}.Debug|x64.Build.0 = Debug|Any CPU
		{64A91CA1-14EF-45A5-B766-4DB5E702DFE3}.Debug|x86.ActiveCfg = Debug|Any CPU
		{64A91CA1-14EF-45A5-B766-4DB5E702DFE3}.Debug|x86.Build.0 = Debug|Any CPU
		{64A91CA1-14EF-45A5-B766-4DB5E702DFE3}.Release|Any CPU.ActiveCfg = Release|Any CPU
		{64A91CA1-14EF-45A5-B766-4DB5E702DFE3}.Release|Any CPU.Build.0 = Release|Any CPU
		{64A91CA1-14EF-45A5-B766-4DB5E702DFE3}.Release|x64.ActiveCfg = Release|Any CPU
		{64A91CA1-14EF-45A5-B766-4DB5E702DFE3}.Release|x64.Build.0 = Release|Any CPU
		{64A91CA1-14EF-45A5-B766-4DB5E702DFE3}.Release|x86.ActiveCfg = Release|Any CPU
		{64A91CA1-14EF-45A5-B766-4DB5E702DFE3}.Release|x86.Build.0 = Release|Any CPU
	EndGlobalSection
EndGlobal
